{
  "name": "geovistory-root",
  "version": "0.0.1-pr-262.0",
  "lockfileVersion": 2,
  "requires": true,
  "packages": {
    "": {
      "name": "geovistory-root",
      "version": "0.0.1-pr-262.0",
      "hasInstallScript": true,
      "engines": {
        "node": "12.8.1",
        "npm": "6.10.2"
      }
    }
  }
}
